// !$*UTF8*$!
{
	archiveVersion = 1;
	classes = {
	};
	objectVersion = 56;
	objects = {

/* Begin PBXBuildFile section */
		68F0C38A2B89359C00440215 /* AppDelegate.swift in Sources */ = {isa = PBXBuildFile; fileRef = 68F0C3892B89359C00440215 /* AppDelegate.swift */; };
		68F0C38C2B89359C00440215 /* ContentView.swift in Sources */ = {isa = PBXBuildFile; fileRef = 68F0C38B2B89359C00440215 /* ContentView.swift */; };
		68F0C38E2B89359D00440215 /* Assets.xcassets in Resources */ = {isa = PBXBuildFile; fileRef = 68F0C38D2B89359D00440215 /* Assets.xcassets */; };
		68F0C3912B89359D00440215 /* Preview Assets.xcassets in Resources */ = {isa = PBXBuildFile; fileRef = 68F0C3902B89359D00440215 /* Preview Assets.xcassets */; };
		68F0C39A2B8ABF7F00440215 /* ClassicalComputingView.swift in Sources */ = {isa = PBXBuildFile; fileRef = 68F0C3992B8ABF7F00440215 /* ClassicalComputingView.swift */; };
		68F0C39C2B8AC63100440215 /* LogicGatesInteractiveView.swift in Sources */ = {isa = PBXBuildFile; fileRef = 68F0C39B2B8AC63100440215 /* LogicGatesInteractiveView.swift */; };
		68F0C39F2B8AF0E700440215 /* CascadiaCode.ttf in Resources */ = {isa = PBXBuildFile; fileRef = 68F0C39E2B8AF0E700440215 /* CascadiaCode.ttf */; };
		68F0C3A22B8B13A100440215 /* QuantumComputingView.swift in Sources */ = {isa = PBXBuildFile; fileRef = 68F0C3A12B8B13A100440215 /* QuantumComputingView.swift */; };
		68F0C3A42B8BE7C900440215 /* QuantumParticleView.swift in Sources */ = {isa = PBXBuildFile; fileRef = 68F0C3A32B8BE7C900440215 /* QuantumParticleView.swift */; };
		68F0C3A62B8BE7EE00440215 /* PhotonsView.swift in Sources */ = {isa = PBXBuildFile; fileRef = 68F0C3A52B8BE7EE00440215 /* PhotonsView.swift */; };
		68F0C3A82B8BE83000440215 /* AtomsAndIonsView.swift in Sources */ = {isa = PBXBuildFile; fileRef = 68F0C3A72B8BE83000440215 /* AtomsAndIonsView.swift */; };
		68F0C3AA2B8BE84500440215 /* SuperConductingView.swift in Sources */ = {isa = PBXBuildFile; fileRef = 68F0C3A92B8BE84500440215 /* SuperConductingView.swift */; };
		68F0C3AC2B8BF41300440215 /* ARQuantPart.swift in Sources */ = {isa = PBXBuildFile; fileRef = 68F0C3AB2B8BF41300440215 /* ARQuantPart.swift */; };
		68F0C3AE2B8BF59B00440215 /* ARPhotos.swift in Sources */ = {isa = PBXBuildFile; fileRef = 68F0C3AD2B8BF59B00440215 /* ARPhotos.swift */; };
		68F0C3B22B8BFC9500440215 /* ARAtoms.swift in Sources */ = {isa = PBXBuildFile; fileRef = 68F0C3B12B8BFC9500440215 /* ARAtoms.swift */; };
		68F0C3B42B8BFDB300440215 /* ARSuper.swift in Sources */ = {isa = PBXBuildFile; fileRef = 68F0C3B32B8BFDB300440215 /* ARSuper.swift */; };
/* End PBXBuildFile section */

/* Begin PBXFileReference section */
		68F0C3862B89359C00440215 /* QuBiT.app */ = {isa = PBXFileReference; explicitFileType = wrapper.application; includeInIndex = 0; path = QuBiT.app; sourceTree = BUILT_PRODUCTS_DIR; };
		68F0C3892B89359C00440215 /* AppDelegate.swift */ = {isa = PBXFileReference; lastKnownFileType = sourcecode.swift; path = AppDelegate.swift; sourceTree = "<group>"; };
		68F0C38B2B89359C00440215 /* ContentView.swift */ = {isa = PBXFileReference; lastKnownFileType = sourcecode.swift; path = ContentView.swift; sourceTree = "<group>"; };
		68F0C38D2B89359D00440215 /* Assets.xcassets */ = {isa = PBXFileReference; lastKnownFileType = folder.assetcatalog; path = Assets.xcassets; sourceTree = "<group>"; };
		68F0C3902B89359D00440215 /* Preview Assets.xcassets */ = {isa = PBXFileReference; lastKnownFileType = folder.assetcatalog; path = "Preview Assets.xcassets"; sourceTree = "<group>"; };
		68F0C3992B8ABF7F00440215 /* ClassicalComputingView.swift */ = {isa = PBXFileReference; lastKnownFileType = sourcecode.swift; path = ClassicalComputingView.swift; sourceTree = "<group>"; };
		68F0C39B2B8AC63100440215 /* LogicGatesInteractiveView.swift */ = {isa = PBXFileReference; lastKnownFileType = sourcecode.swift; path = LogicGatesInteractiveView.swift; sourceTree = "<group>"; };
		68F0C39E2B8AF0E700440215 /* CascadiaCode.ttf */ = {isa = PBXFileReference; lastKnownFileType = file; path = CascadiaCode.ttf; sourceTree = "<group>"; };
		68F0C3A02B8AF1C900440215 /* Info.plist */ = {isa = PBXFileReference; lastKnownFileType = text.plist; path = Info.plist; sourceTree = "<group>"; };
		68F0C3A12B8B13A100440215 /* QuantumComputingView.swift */ = {isa = PBXFileReference; lastKnownFileType = sourcecode.swift; path = QuantumComputingView.swift; sourceTree = "<group>"; };
		68F0C3A32B8BE7C900440215 /* QuantumParticleView.swift */ = {isa = PBXFileReference; lastKnownFileType = sourcecode.swift; path = QuantumParticleView.swift; sourceTree = "<group>"; };
		68F0C3A52B8BE7EE00440215 /* PhotonsView.swift */ = {isa = PBXFileReference; lastKnownFileType = sourcecode.swift; path = PhotonsView.swift; sourceTree = "<group>"; };
		68F0C3A72B8BE83000440215 /* AtomsAndIonsView.swift */ = {isa = PBXFileReference; lastKnownFileType = sourcecode.swift; path = AtomsAndIonsView.swift; sourceTree = "<group>"; };
		68F0C3A92B8BE84500440215 /* SuperConductingView.swift */ = {isa = PBXFileReference; lastKnownFileType = sourcecode.swift; path = SuperConductingView.swift; sourceTree = "<group>"; };
		68F0C3AB2B8BF41300440215 /* ARQuantPart.swift */ = {isa = PBXFileReference; lastKnownFileType = sourcecode.swift; path = ARQuantPart.swift; sourceTree = "<group>"; };
		68F0C3AD2B8BF59B00440215 /* ARPhotos.swift */ = {isa = PBXFileReference; lastKnownFileType = sourcecode.swift; path = ARPhotos.swift; sourceTree = "<group>"; };
		68F0C3B12B8BFC9500440215 /* ARAtoms.swift */ = {isa = PBXFileReference; lastKnownFileType = sourcecode.swift; path = ARAtoms.swift; sourceTree = "<group>"; };
		68F0C3B32B8BFDB300440215 /* ARSuper.swift */ = {isa = PBXFileReference; lastKnownFileType = sourcecode.swift; path = ARSuper.swift; sourceTree = "<group>"; };
/* End PBXFileReference section */

/* Begin PBXFrameworksBuildPhase section */
		68F0C3832B89359C00440215 /* Frameworks */ = {
			isa = PBXFrameworksBuildPhase;
			buildActionMask = 2147483647;
			files = (
			);
			runOnlyForDeploymentPostprocessing = 0;
		};
/* End PBXFrameworksBuildPhase section */

/* Begin PBXGroup section */
		68F0C37D2B89359C00440215 = {
			isa = PBXGroup;
			children = (
				68F0C3882B89359C00440215 /* QuBiT */,
				68F0C3872B89359C00440215 /* Products */,
			);
			sourceTree = "<group>";
		};
		68F0C3872B89359C00440215 /* Products */ = {
			isa = PBXGroup;
			children = (
				68F0C3862B89359C00440215 /* QuBiT.app */,
			);
			name = Products;
			sourceTree = "<group>";
		};
		68F0C3882B89359C00440215 /* QuBiT */ = {
			isa = PBXGroup;
			children = (
				68F0C3A02B8AF1C900440215 /* Info.plist */,
				68F0C39D2B8AF09A00440215 /* Font */,
				68F0C3892B89359C00440215 /* AppDelegate.swift */,
				68F0C38B2B89359C00440215 /* ContentView.swift */,
				68F0C3992B8ABF7F00440215 /* ClassicalComputingView.swift */,
				68F0C3A12B8B13A100440215 /* QuantumComputingView.swift */,
				68F0C3A92B8BE84500440215 /* SuperConductingView.swift */,
				68F0C3B32B8BFDB300440215 /* ARSuper.swift */,
				68F0C3A72B8BE83000440215 /* AtomsAndIonsView.swift */,
				68F0C3B12B8BFC9500440215 /* ARAtoms.swift */,
				68F0C3A52B8BE7EE00440215 /* PhotonsView.swift */,
				68F0C3AD2B8BF59B00440215 /* ARPhotos.swift */,
				68F0C3A32B8BE7C900440215 /* QuantumParticleView.swift */,
				68F0C3AB2B8BF41300440215 /* ARQuantPart.swift */,
				68F0C39B2B8AC63100440215 /* LogicGatesInteractiveView.swift */,
				68F0C38D2B89359D00440215 /* Assets.xcassets */,
				68F0C38F2B89359D00440215 /* Preview Content */,
			);
			path = QuBiT;
			sourceTree = "<group>";
		};
		68F0C38F2B89359D00440215 /* Preview Content */ = {
			isa = PBXGroup;
			children = (
				68F0C3902B89359D00440215 /* Preview Assets.xcassets */,
			);
			path = "Preview Content";
			sourceTree = "<group>";
		};
		68F0C39D2B8AF09A00440215 /* Font */ = {
			isa = PBXGroup;
			children = (
				68F0C39E2B8AF0E700440215 /* CascadiaCode.ttf */,
			);
			path = Font;
			sourceTree = "<group>";
		};
/* End PBXGroup section */

/* Begin PBXNativeTarget section */
		68F0C3852B89359C00440215 /* QuBiT */ = {
			isa = PBXNativeTarget;
			buildConfigurationList = 68F0C3942B89359D00440215 /* Build configuration list for PBXNativeTarget "QuBiT" */;
			buildPhases = (
				68F0C3822B89359C00440215 /* Sources */,
				68F0C3832B89359C00440215 /* Frameworks */,
				68F0C3842B89359C00440215 /* Resources */,
			);
			buildRules = (
			);
			dependencies = (
			);
			name = QuBiT;
			productName = QuBiT;
			productReference = 68F0C3862B89359C00440215 /* QuBiT.app */;
			productType = "com.apple.product-type.application";
		};
/* End PBXNativeTarget section */

/* Begin PBXProject section */
		68F0C37E2B89359C00440215 /* Project object */ = {
			isa = PBXProject;
			attributes = {
				BuildIndependentTargetsInParallel = 1;
				LastSwiftUpdateCheck = 1520;
				LastUpgradeCheck = 1520;
				TargetAttributes = {
					68F0C3852B89359C00440215 = {
						CreatedOnToolsVersion = 15.2;
					};
				};
			};
			buildConfigurationList = 68F0C3812B89359C00440215 /* Build configuration list for PBXProject "QuBiT" */;
			compatibilityVersion = "Xcode 14.0";
			developmentRegion = en;
			hasScannedForEncodings = 0;
			knownRegions = (
				en,
				Base,
			);
			mainGroup = 68F0C37D2B89359C00440215;
			productRefGroup = 68F0C3872B89359C00440215 /* Products */;
			projectDirPath = "";
			projectRoot = "";
			targets = (
				68F0C3852B89359C00440215 /* QuBiT */,
			);
		};
/* End PBXProject section */

/* Begin PBXResourcesBuildPhase section */
		68F0C3842B89359C00440215 /* Resources */ = {
			isa = PBXResourcesBuildPhase;
			buildActionMask = 2147483647;
			files = (
				68F0C3912B89359D00440215 /* Preview Assets.xcassets in Resources */,
				68F0C38E2B89359D00440215 /* Assets.xcassets in Resources */,
				68F0C39F2B8AF0E700440215 /* CascadiaCode.ttf in Resources */,
			);
			runOnlyForDeploymentPostprocessing = 0;
		};
/* End PBXResourcesBuildPhase section */

/* Begin PBXSourcesBuildPhase section */
		68F0C3822B89359C00440215 /* Sources */ = {
			isa = PBXSourcesBuildPhase;
			buildActionMask = 2147483647;
			files = (
				68F0C38C2B89359C00440215 /* ContentView.swift in Sources */,
				68F0C39C2B8AC63100440215 /* LogicGatesInteractiveView.swift in Sources */,
				68F0C3A42B8BE7C900440215 /* QuantumParticleView.swift in Sources */,
				68F0C3B22B8BFC9500440215 /* ARAtoms.swift in Sources */,
				68F0C3B42B8BFDB300440215 /* ARSuper.swift in Sources */,
				68F0C38A2B89359C00440215 /* AppDelegate.swift in Sources */,
				68F0C3A82B8BE83000440215 /* AtomsAndIonsView.swift in Sources */,
				68F0C3AC2B8BF41300440215 /* ARQuantPart.swift in Sources */,
				68F0C3AE2B8BF59B00440215 /* ARPhotos.swift in Sources */,
				68F0C3AA2B8BE84500440215 /* SuperConductingView.swift in Sources */,
				68F0C39A2B8ABF7F00440215 /* ClassicalComputingView.swift in Sources */,
				68F0C3A62B8BE7EE00440215 /* PhotonsView.swift in Sources */,
				68F0C3A22B8B13A100440215 /* QuantumComputingView.swift in Sources */,
			);
			runOnlyForDeploymentPostprocessing = 0;
		};
/* End PBXSourcesBuildPhase section */

/* Begin XCBuildConfiguration section */
		68F0C3922B89359D00440215 /* Debug */ = {
			isa = XCBuildConfiguration;
			buildSettings = {
				ALWAYS_SEARCH_USER_PATHS = NO;
				ASSETCATALOG_COMPILER_GENERATE_SWIFT_ASSET_SYMBOL_EXTENSIONS = YES;
				CLANG_ANALYZER_NONNULL = YES;
				CLANG_ANALYZER_NUMBER_OBJECT_CONVERSION = YES_AGGRESSIVE;
				CLANG_CXX_LANGUAGE_STANDARD = "gnu++20";
				CLANG_ENABLE_MODULES = YES;
				CLANG_ENABLE_OBJC_ARC = YES;
				CLANG_ENABLE_OBJC_WEAK = YES;
				CLANG_WARN_BLOCK_CAPTURE_AUTORELEASING = YES;
				CLANG_WARN_BOOL_CONVERSION = YES;
				CLANG_WARN_COMMA = YES;
				CLANG_WARN_CONSTANT_CONVERSION = YES;
				CLANG_WARN_DEPRECATED_OBJC_IMPLEMENTATIONS = YES;
				CLANG_WARN_DIRECT_OBJC_ISA_USAGE = YES_ERROR;
				CLANG_WARN_DOCUMENTATION_COMMENTS = YES;
				CLANG_WARN_EMPTY_BODY = YES;
				CLANG_WARN_ENUM_CONVERSION = YES;
				CLANG_WARN_INFINITE_RECURSION = YES;
				CLANG_WARN_INT_CONVERSION = YES;
				CLANG_WARN_NON_LITERAL_NULL_CONVERSION = YES;
				CLANG_WARN_OBJC_IMPLICIT_RETAIN_SELF = YES;
				CLANG_WARN_OBJC_LITERAL_CONVERSION = YES;
				CLANG_WARN_OBJC_ROOT_CLASS = YES_ERROR;
				CLANG_WARN_QUOTED_INCLUDE_IN_FRAMEWORK_HEADER = YES;
				CLANG_WARN_RANGE_LOOP_ANALYSIS = YES;
				CLANG_WARN_STRICT_PROTOTYPES = YES;
				CLANG_WARN_SUSPICIOUS_MOVE = YES;
				CLANG_WARN_UNGUARDED_AVAILABILITY = YES_AGGRESSIVE;
				CLANG_WARN_UNREACHABLE_CODE = YES;
				CLANG_WARN__DUPLICATE_METHOD_MATCH = YES;
				COPY_PHASE_STRIP = NO;
				DEBUG_INFORMATION_FORMAT = dwarf;
				ENABLE_STRICT_OBJC_MSGSEND = YES;
				ENABLE_TESTABILITY = YES;
				ENABLE_USER_SCRIPT_SANDBOXING = YES;
				GCC_C_LANGUAGE_STANDARD = gnu17;
				GCC_DYNAMIC_NO_PIC = NO;
				GCC_NO_COMMON_BLOCKS = YES;
				GCC_OPTIMIZATION_LEVEL = 0;
				GCC_PREPROCESSOR_DEFINITIONS = (
					"DEBUG=1",
					"$(inherited)",
				);
				GCC_WARN_64_TO_32_BIT_CONVERSION = YES;
				GCC_WARN_ABOUT_RETURN_TYPE = YES_ERROR;
				GCC_WARN_UNDECLARED_SELECTOR = YES;
				GCC_WARN_UNINITIALIZED_AUTOS = YES_AGGRESSIVE;
				GCC_WARN_UNUSED_FUNCTION = YES;
				GCC_WARN_UNUSED_VARIABLE = YES;
				IPHONEOS_DEPLOYMENT_TARGET = 17.2;
				LOCALIZATION_PREFERS_STRING_CATALOGS = YES;
				MTL_ENABLE_DEBUG_INFO = INCLUDE_SOURCE;
				MTL_FAST_MATH = YES;
				ONLY_ACTIVE_ARCH = YES;
				SDKROOT = iphoneos;
				SWIFT_ACTIVE_COMPILATION_CONDITIONS = "DEBUG $(inherited)";
				SWIFT_OPTIMIZATION_LEVEL = "-Onone";
			};
			name = Debug;
		};
		68F0C3932B89359D00440215 /* Release */ = {
			isa = XCBuildConfiguration;
			buildSettings = {
				ALWAYS_SEARCH_USER_PATHS = NO;
				ASSETCATALOG_COMPILER_GENERATE_SWIFT_ASSET_SYMBOL_EXTENSIONS = YES;
				CLANG_ANALYZER_NONNULL = YES;
				CLANG_ANALYZER_NUMBER_OBJECT_CONVERSION = YES_AGGRESSIVE;
				CLANG_CXX_LANGUAGE_STANDARD = "gnu++20";
				CLANG_ENABLE_MODULES = YES;
				CLANG_ENABLE_OBJC_ARC = YES;
				CLANG_ENABLE_OBJC_WEAK = YES;
				CLANG_WARN_BLOCK_CAPTURE_AUTORELEASING = YES;
				CLANG_WARN_BOOL_CONVERSION = YES;
				CLANG_WARN_COMMA = YES;
				CLANG_WARN_CONSTANT_CONVERSION = YES;
				CLANG_WARN_DEPRECATED_OBJC_IMPLEMENTATIONS = YES;
				CLANG_WARN_DIRECT_OBJC_ISA_USAGE = YES_ERROR;
				CLANG_WARN_DOCUMENTATION_COMMENTS = YES;
				CLANG_WARN_EMPTY_BODY = YES;
				CLANG_WARN_ENUM_CONVERSION = YES;
				CLANG_WARN_INFINITE_RECURSION = YES;
				CLANG_WARN_INT_CONVERSION = YES;
				CLANG_WARN_NON_LITERAL_NULL_CONVERSION = YES;
				CLANG_WARN_OBJC_IMPLICIT_RETAIN_SELF = YES;
				CLANG_WARN_OBJC_LITERAL_CONVERSION = YES;
				CLANG_WARN_OBJC_ROOT_CLASS = YES_ERROR;
				CLANG_WARN_QUOTED_INCLUDE_IN_FRAMEWORK_HEADER = YES;
				CLANG_WARN_RANGE_LOOP_ANALYSIS = YES;
				CLANG_WARN_STRICT_PROTOTYPES = YES;
				CLANG_WARN_SUSPICIOUS_MOVE = YES;
				CLANG_WARN_UNGUARDED_AVAILABILITY = YES_AGGRESSIVE;
				CLANG_WARN_UNREACHABLE_CODE = YES;
				CLANG_WARN__DUPLICATE_METHOD_MATCH = YES;
				COPY_PHASE_STRIP = NO;
				DEBUG_INFORMATION_FORMAT = "dwarf-with-dsym";
				ENABLE_NS_ASSERTIONS = NO;
				ENABLE_STRICT_OBJC_MSGSEND = YES;
				ENABLE_USER_SCRIPT_SANDBOXING = YES;
				GCC_C_LANGUAGE_STANDARD = gnu17;
				GCC_NO_COMMON_BLOCKS = YES;
				GCC_WARN_64_TO_32_BIT_CONVERSION = YES;
				GCC_WARN_ABOUT_RETURN_TYPE = YES_ERROR;
				GCC_WARN_UNDECLARED_SELECTOR = YES;
				GCC_WARN_UNINITIALIZED_AUTOS = YES_AGGRESSIVE;
				GCC_WARN_UNUSED_FUNCTION = YES;
				GCC_WARN_UNUSED_VARIABLE = YES;
				IPHONEOS_DEPLOYMENT_TARGET = 17.2;
				LOCALIZATION_PREFERS_STRING_CATALOGS = YES;
				MTL_ENABLE_DEBUG_INFO = NO;
				MTL_FAST_MATH = YES;
				SDKROOT = iphoneos;
				SWIFT_COMPILATION_MODE = wholemodule;
				VALIDATE_PRODUCT = YES;
			};
			name = Release;
		};
		68F0C3952B89359D00440215 /* Debug */ = {
			isa = XCBuildConfiguration;
			buildSettings = {
				ASSETCATALOG_COMPILER_APPICON_NAME = AppIcon;
				ASSETCATALOG_COMPILER_GLOBAL_ACCENT_COLOR_NAME = AccentColor;
				CODE_SIGN_STYLE = Automatic;
				CURRENT_PROJECT_VERSION = 1;
				DEVELOPMENT_ASSET_PATHS = "\"QuBiT/Preview Content\"";
				DEVELOPMENT_TEAM = 2S4NB8UJAT;
				ENABLE_PREVIEWS = YES;
				GENERATE_INFOPLIST_FILE = YES;
				INFOPLIST_FILE = QuBiT/Info.plist;
				INFOPLIST_KEY_NSCameraUsageDescription = "";
				INFOPLIST_KEY_UIApplicationSupportsIndirectInputEvents = YES;
				INFOPLIST_KEY_UILaunchScreen_Generation = YES;
				INFOPLIST_KEY_UIRequiredDeviceCapabilities = arkit;
				INFOPLIST_KEY_UIStatusBarHidden = YES;
				INFOPLIST_KEY_UISupportedInterfaceOrientations_iPad = "UIInterfaceOrientationPortrait UIInterfaceOrientationPortraitUpsideDown UIInterfaceOrientationPortrait UIInterfaceOrientationLandscapeLeft UIInterfaceOrientationLandscapeRight";
				INFOPLIST_KEY_UISupportedInterfaceOrientations_iPhone = "UIInterfaceOrientationPortrait UIInterfaceOrientationLandscapeLeft UIInterfaceOrientationLandscapeRight";
				LD_RUNPATH_SEARCH_PATHS = (
					"$(inherited)",
					"@executable_path/Frameworks",
				);
				MARKETING_VERSION = 1.0;
				PRODUCT_BUNDLE_IDENTIFIER = RoyLuo.QuBiT;
				PRODUCT_NAME = "$(TARGET_NAME)";
				SWIFT_EMIT_LOC_STRINGS = YES;
				SWIFT_VERSION = 5.0;
				TARGETED_DEVICE_FAMILY = "1,2";
			};
			name = Debug;
		};
		68F0C3962B89359D00440215 /* Release */ = {
			isa = XCBuildConfiguration;
			buildSettings = {
				ASSETCATALOG_COMPILER_APPICON_NAME = AppIcon;
				ASSETCATALOG_COMPILER_GLOBAL_ACCENT_COLOR_NAME = AccentColor;
				CODE_SIGN_STYLE = Automatic;
				CURRENT_PROJECT_VERSION = 1;
				DEVELOPMENT_ASSET_PATHS = "\"QuBiT/Preview Content\"";
				DEVELOPMENT_TEAM = 2S4NB8UJAT;
				ENABLE_PREVIEWS = YES;
				GENERATE_INFOPLIST_FILE = YES;
				INFOPLIST_FILE = QuBiT/Info.plist;
				INFOPLIST_KEY_NSCameraUsageDescription = "";
				INFOPLIST_KEY_UIApplicationSupportsIndirectInputEvents = YES;
				INFOPLIST_KEY_UILaunchScreen_Generation = YES;
				INFOPLIST_KEY_UIRequiredDeviceCapabilities = arkit;
				INFOPLIST_KEY_UIStatusBarHidden = YES;
				INFOPLIST_KEY_UISupportedInterfaceOrientations_iPad = "UIInterfaceOrientationPortrait UIInterfaceOrientationPortraitUpsideDown UIInterfaceOrientationPortrait UIInterfaceOrientationLandscapeLeft UIInterfaceOrientationLandscapeRight";
				INFOPLIST_KEY_UISupportedInterfaceOrientations_iPhone = "UIInterfaceOrientationPortrait UIInterfaceOrientationLandscapeLeft UIInterfaceOrientationLandscapeRight";
				LD_RUNPATH_SEARCH_PATHS = (
					"$(inherited)",
					"@executable_path/Frameworks",
				);
				MARKETING_VERSION = 1.0;
				PRODUCT_BUNDLE_IDENTIFIER = RoyLuo.QuBiT;
				PRODUCT_NAME = "$(TARGET_NAME)";
				SWIFT_EMIT_LOC_STRINGS = YES;
				SWIFT_VERSION = 5.0;
				TARGETED_DEVICE_FAMILY = "1,2";
			};
			name = Release;
		};
/* End XCBuildConfiguration section */

/* Begin XCConfigurationList section */
		68F0C3812B89359C00440215 /* Build configuration list for PBXProject "QuBiT" */ = {
			isa = XCConfigurationList;
			buildConfigurations = (
				68F0C3922B89359D00440215 /* Debug */,
				68F0C3932B89359D00440215 /* Release */,
			);
			defaultConfigurationIsVisible = 0;
			defaultConfigurationName = Release;
		};
		68F0C3942B89359D00440215 /* Build configuration list for PBXNativeTarget "QuBiT" */ = {
			isa = XCConfigurationList;
			buildConfigurations = (
				68F0C3952B89359D00440215 /* Debug */,
				68F0C3962B89359D00440215 /* Release */,
			);
			defaultConfigurationIsVisible = 0;
			defaultConfigurationName = Release;
		};
/* End XCConfigurationList section */
	};
	rootObject = 68F0C37E2B89359C00440215 /* Project object */;
}
